
Microsoft Visual Studio Solution File, Format Version 12.00
# Visual Studio Version 16
VisualStudioVersion = 16.0.30114.105
MinimumVisualStudioVersion = 10.0.40219.1
Project("{2150E333-8FDC-42A3-9474-1A3956D46DE8}") = "0-Docs", "0-Docs", "{14E9B086-A7A4-4F1D-BCB2-5BEE9DA48152}"
	ProjectSection(SolutionItems) = preProject
		..\docs\license.txt = ..\docs\license.txt
		..\README.md = ..\README.md
		..\docs\release-notes.md = ..\docs\release-notes.md
	EndProjectSection
EndProject
Project("{2150E333-8FDC-42A3-9474-1A3956D46DE8}") = "7-Tests", "7-Tests", "{812B13B2-617E-4D48-84DC-72E41BF214B0}"
EndProject
Project("{2150E333-8FDC-42A3-9474-1A3956D46DE8}") = "1-Web", "1-Web", "{16970498-0A2A-4027-8886-75FE8C80355A}"
EndProject
Project("{9A19103F-16F7-4668-BE54-9A1E7A4F7556}") = "RSoft.Entry.Core", "RSoft.Entry.Core\RSoft.Entry.Core.csproj", "{48EE250F-1947-4A0F-BEAF-98A7A1A38F15}"
EndProject
Project("{9A19103F-16F7-4668-BE54-9A1E7A4F7556}") = "RSoft.Entry.Infra", "RSoft.Entry.Infra\RSoft.Entry.Infra.csproj", "{D0AA2BC7-55D4-4EC4-BD8B-A7A46B5696DC}"
EndProject
Project("{9A19103F-16F7-4668-BE54-9A1E7A4F7556}") = "RSoft.Entry.Application", "RSoft.Entry.Application\RSoft.Entry.Application.csproj", "{768F2021-B6FA-4617-AC61-86ECC5A9BE45}"
EndProject
Project("{9A19103F-16F7-4668-BE54-9A1E7A4F7556}") = "RSoft.Entry.Contracts", "RSoft.Entry.Contracts\RSoft.Entry.Contracts.csproj", "{BBB11B07-C832-4CE3-9165-7DBFDE432803}"
EndProject
Project("{9A19103F-16F7-4668-BE54-9A1E7A4F7556}") = "RSoft.Entry.Cross", "RSoft.Entry.Cross\RSoft.Entry.Cross.csproj", "{17B787D5-55AF-4DD3-9E5A-85A2F4C2A71F}"
EndProject
Project("{9A19103F-16F7-4668-BE54-9A1E7A4F7556}") = "RSoft.Entry.GrpcService", "RSoft.Entry.GrpcService\RSoft.Entry.GrpcService.csproj", "{7E7B5B79-61E9-4366-ACE2-5420C22AAF75}"
EndProject
Project("{2150E333-8FDC-42A3-9474-1A3956D46DE8}") = "2-Application", "2-Application", "{045E77EF-6DC7-413B-A750-A83EBB4E6388}"
EndProject
Project("{2150E333-8FDC-42A3-9474-1A3956D46DE8}") = "3-Core", "3-Core", "{219CDC27-3DE8-4C40-A0EF-05ED5641B0A2}"
EndProject
Project("{2150E333-8FDC-42A3-9474-1A3956D46DE8}") = "4-Infra", "4-Infra", "{DDF39CE9-9EAB-4763-8855-595A87530D07}"
EndProject
Project("{2150E333-8FDC-42A3-9474-1A3956D46DE8}") = "5-Cross", "5-Cross", "{79F116F0-AA3E-4AC2-BFCD-9C579F1328C7}"
EndProject
Project("{2150E333-8FDC-42A3-9474-1A3956D46DE8}") = "6-SDK", "6-SDK", "{EB50D5E5-53E8-499B-988D-A05D6FFDEC28}"
EndProject
Project("{9A19103F-16F7-4668-BE54-9A1E7A4F7556}") = "RSoft.Entrt.GrpcClient", "RSoft.Entry.GrpcClient\RSoft.Entrt.GrpcClient.csproj", "{777ED72D-08AA-4E6E-A480-A35FC68CF8B8}"
EndProject
Project("{9A19103F-16F7-4668-BE54-9A1E7A4F7556}") = "RSoft.Entry.Tests", "RSoft.Entry.Tests\RSoft.Entry.Tests.csproj", "{29D04E20-05DE-4839-9B59-DA94E342A2EB}"
EndProject
Project("{2150E333-8FDC-42A3-9474-1A3956D46DE8}") = "Solution Items", "Solution Items", "{21C8F499-9A76-4DC9-B657-3405F890F2EF}"
	ProjectSection(SolutionItems) = preProject
		test.runsettings = test.runsettings
	EndProjectSection
EndProject
Global
	GlobalSection(SolutionConfigurationPlatforms) = preSolution
		Debug|Any CPU = Debug|Any CPU
		Release|Any CPU = Release|Any CPU
	EndGlobalSection
	GlobalSection(ProjectConfigurationPlatforms) = postSolution
		{48EE250F-1947-4A0F-BEAF-98A7A1A38F15}.Debug|Any CPU.ActiveCfg = Debug|Any CPU
		{48EE250F-1947-4A0F-BEAF-98A7A1A38F15}.Debug|Any CPU.Build.0 = Debug|Any CPU
		{48EE250F-1947-4A0F-BEAF-98A7A1A38F15}.Release|Any CPU.ActiveCfg = Release|Any CPU
		{48EE250F-1947-4A0F-BEAF-98A7A1A38F15}.Release|Any CPU.Build.0 = Release|Any CPU
		{D0AA2BC7-55D4-4EC4-BD8B-A7A46B5696DC}.Debug|Any CPU.ActiveCfg = Debug|Any CPU
		{D0AA2BC7-55D4-4EC4-BD8B-A7A46B5696DC}.Debug|Any CPU.Build.0 = Debug|Any CPU
		{D0AA2BC7-55D4-4EC4-BD8B-A7A46B5696DC}.Release|Any CPU.ActiveCfg = Release|Any CPU
		{D0AA2BC7-55D4-4EC4-BD8B-A7A46B5696DC}.Release|Any CPU.Build.0 = Release|Any CPU
		{768F2021-B6FA-4617-AC61-86ECC5A9BE45}.Debug|Any CPU.ActiveCfg = Debug|Any CPU
		{768F2021-B6FA-4617-AC61-86ECC5A9BE45}.Debug|Any CPU.Build.0 = Debug|Any CPU
		{768F2021-B6FA-4617-AC61-86ECC5A9BE45}.Release|Any CPU.ActiveCfg = Release|Any CPU
		{768F2021-B6FA-4617-AC61-86ECC5A9BE45}.Release|Any CPU.Build.0 = Release|Any CPU
		{BBB11B07-C832-4CE3-9165-7DBFDE432803}.Debug|Any CPU.ActiveCfg = Debug|Any CPU
		{BBB11B07-C832-4CE3-9165-7DBFDE432803}.Debug|Any CPU.Build.0 = Debug|Any CPU
		{BBB11B07-C832-4CE3-9165-7DBFDE432803}.Release|Any CPU.ActiveCfg = Release|Any CPU
		{BBB11B07-C832-4CE3-9165-7DBFDE432803}.Release|Any CPU.Build.0 = Release|Any CPU
		{17B787D5-55AF-4DD3-9E5A-85A2F4C2A71F}.Debug|Any CPU.ActiveCfg = Debug|Any CPU
		{17B787D5-55AF-4DD3-9E5A-85A2F4C2A71F}.Debug|Any CPU.Build.0 = Debug|Any CPU
		{17B787D5-55AF-4DD3-9E5A-85A2F4C2A71F}.Release|Any CPU.ActiveCfg = Release|Any CPU
		{17B787D5-55AF-4DD3-9E5A-85A2F4C2A71F}.Release|Any CPU.Build.0 = Release|Any CPU
		{7E7B5B79-61E9-4366-ACE2-5420C22AAF75}.Debug|Any CPU.ActiveCfg = Debug|Any CPU
		{7E7B5B79-61E9-4366-ACE2-5420C22AAF75}.Debug|Any CPU.Build.0 = Debug|Any CPU
		{7E7B5B79-61E9-4366-ACE2-5420C22AAF75}.Release|Any CPU.ActiveCfg = Release|Any CPU
		{7E7B5B79-61E9-4366-ACE2-5420C22AAF75}.Release|Any CPU.Build.0 = Release|Any CPU
		{777ED72D-08AA-4E6E-A480-A35FC68CF8B8}.Debug|Any CPU.ActiveCfg = Debug|Any CPU
		{777ED72D-08AA-4E6E-A480-A35FC68CF8B8}.Debug|Any CPU.Build.0 = Debug|Any CPU
		{777ED72D-08AA-4E6E-A480-A35FC68CF8B8}.Release|Any CPU.ActiveCfg = Release|Any CPU
		{777ED72D-08AA-4E6E-A480-A35FC68CF8B8}.Release|Any CPU.Build.0 = Release|Any CPU
		{29D04E20-05DE-4839-9B59-DA94E342A2EB}.Debug|Any CPU.ActiveCfg = Debug|Any CPU
		{29D04E20-05DE-4839-9B59-DA94E342A2EB}.Debug|Any CPU.Build.0 = Debug|Any CPU
		{29D04E20-05DE-4839-9B59-DA94E342A2EB}.Release|Any CPU.ActiveCfg = Release|Any CPU
		{29D04E20-05DE-4839-9B59-DA94E342A2EB}.Release|Any CPU.Build.0 = Release|Any CPU
	EndGlobalSection
	GlobalSection(SolutionProperties) = preSolution
		HideSolutionNode = FALSE
	EndGlobalSection
	GlobalSection(NestedProjects) = preSolution
		{48EE250F-1947-4A0F-BEAF-98A7A1A38F15} = {219CDC27-3DE8-4C40-A0EF-05ED5641B0A2}
		{D0AA2BC7-55D4-4EC4-BD8B-A7A46B5696DC} = {DDF39CE9-9EAB-4763-8855-595A87530D07}
		{768F2021-B6FA-4617-AC61-86ECC5A9BE45} = {045E77EF-6DC7-413B-A750-A83EBB4E6388}
		{BBB11B07-C832-4CE3-9165-7DBFDE432803} = {79F116F0-AA3E-4AC2-BFCD-9C579F1328C7}
		{17B787D5-55AF-4DD3-9E5A-85A2F4C2A71F} = {79F116F0-AA3E-4AC2-BFCD-9C579F1328C7}
		{7E7B5B79-61E9-4366-ACE2-5420C22AAF75} = {16970498-0A2A-4027-8886-75FE8C80355A}
		{777ED72D-08AA-4E6E-A480-A35FC68CF8B8} = {EB50D5E5-53E8-499B-988D-A05D6FFDEC28}
		{29D04E20-05DE-4839-9B59-DA94E342A2EB} = {812B13B2-617E-4D48-84DC-72E41BF214B0}
	EndGlobalSection
	GlobalSection(ExtensibilityGlobals) = postSolution
		SolutionGuid = {E96B579E-924A-4DDC-BF92-AFB65D5E1E88}
	EndGlobalSection
EndGlobal
